// !$*UTF8*$!
{
	archiveVersion = 1;
	classes = {
	};
	objectVersion = 56;
	objects = {

/* Begin PBXBuildFile section */
		9461EE812C144C3F00669FBF /* CoffeeOrderAppApp.swift in Sources */ = {isa = PBXBuildFile; fileRef = 9461EE802C144C3F00669FBF /* CoffeeOrderAppApp.swift */; };
		9461EE832C144C3F00669FBF /* ContentView.swift in Sources */ = {isa = PBXBuildFile; fileRef = 9461EE822C144C3F00669FBF /* ContentView.swift */; };
		9461EE852C144C4000669FBF /* Assets.xcassets in Resources */ = {isa = PBXBuildFile; fileRef = 9461EE842C144C4000669FBF /* Assets.xcassets */; };
		9461EE882C144C4000669FBF /* Preview Assets.xcassets in Resources */ = {isa = PBXBuildFile; fileRef = 9461EE872C144C4000669FBF /* Preview Assets.xcassets */; };
		9461EE902C14505B00669FBF /* Webservice.swift in Sources */ = {isa = PBXBuildFile; fileRef = 9461EE8F2C14505B00669FBF /* Webservice.swift */; };
		9461EE942C1451A200669FBF /* Order.swift in Sources */ = {isa = PBXBuildFile; fileRef = 9461EE932C1451A200669FBF /* Order.swift */; };
		94D92FB22C145F4000E83400 /* CoffeeModel.swift in Sources */ = {isa = PBXBuildFile; fileRef = 94D92FB12C145F4000E83400 /* CoffeeModel.swift */; };
		94D92FB52C14C28B00E83400 /* NumberFormatter+Extensions.swift in Sources */ = {isa = PBXBuildFile; fileRef = 94D92FB42C14C28B00E83400 /* NumberFormatter+Extensions.swift */; };
		94D92FB82C14C35600E83400 /* OrderCellView.swift in Sources */ = {isa = PBXBuildFile; fileRef = 94D92FB72C14C35600E83400 /* OrderCellView.swift */; };
		94D92FBB2C158E5F00E83400 /* AppEnvironment.swift in Sources */ = {isa = PBXBuildFile; fileRef = 94D92FBA2C158E5F00E83400 /* AppEnvironment.swift */; };
		94D92FC32C15955100E83400 /* CoffeeOrderAppE2Tests.swift in Sources */ = {isa = PBXBuildFile; fileRef = 94D92FC22C15955100E83400 /* CoffeeOrderAppE2Tests.swift */; };
/* End PBXBuildFile section */

/* Begin PBXContainerItemProxy section */
		94D92FC62C15955100E83400 /* PBXContainerItemProxy */ = {
			isa = PBXContainerItemProxy;
			containerPortal = 9461EE752C144C3F00669FBF /* Project object */;
			proxyType = 1;
			remoteGlobalIDString = 9461EE7C2C144C3F00669FBF;
			remoteInfo = CoffeeOrderApp;
		};
/* End PBXContainerItemProxy section */

/* Begin PBXFileReference section */
		9461EE7D2C144C3F00669FBF /* CoffeeOrderApp.app */ = {isa = PBXFileReference; explicitFileType = wrapper.application; includeInIndex = 0; path = CoffeeOrderApp.app; sourceTree = BUILT_PRODUCTS_DIR; };
		9461EE802C144C3F00669FBF /* CoffeeOrderAppApp.swift */ = {isa = PBXFileReference; lastKnownFileType = sourcecode.swift; path = CoffeeOrderAppApp.swift; sourceTree = "<group>"; };
		9461EE822C144C3F00669FBF /* ContentView.swift */ = {isa = PBXFileReference; lastKnownFileType = sourcecode.swift; path = ContentView.swift; sourceTree = "<group>"; };
		9461EE842C144C4000669FBF /* Assets.xcassets */ = {isa = PBXFileReference; lastKnownFileType = folder.assetcatalog; path = Assets.xcassets; sourceTree = "<group>"; };
		9461EE872C144C4000669FBF /* Preview Assets.xcassets */ = {isa = PBXFileReference; lastKnownFileType = folder.assetcatalog; path = "Preview Assets.xcassets"; sourceTree = "<group>"; };
		9461EE8F2C14505B00669FBF /* Webservice.swift */ = {isa = PBXFileReference; lastKnownFileType = sourcecode.swift; path = Webservice.swift; sourceTree = "<group>"; };
		9461EE932C1451A200669FBF /* Order.swift */ = {isa = PBXFileReference; lastKnownFileType = sourcecode.swift; path = Order.swift; sourceTree = "<group>"; };
		94D92FB12C145F4000E83400 /* CoffeeModel.swift */ = {isa = PBXFileReference; lastKnownFileType = sourcecode.swift; path = CoffeeModel.swift; sourceTree = "<group>"; };
		94D92FB42C14C28B00E83400 /* NumberFormatter+Extensions.swift */ = {isa = PBXFileReference; lastKnownFileType = sourcecode.swift; path = "NumberFormatter+Extensions.swift"; sourceTree = "<group>"; };
		94D92FB72C14C35600E83400 /* OrderCellView.swift */ = {isa = PBXFileReference; lastKnownFileType = sourcecode.swift; path = OrderCellView.swift; sourceTree = "<group>"; };
		94D92FBA2C158E5F00E83400 /* AppEnvironment.swift */ = {isa = PBXFileReference; lastKnownFileType = sourcecode.swift; path = AppEnvironment.swift; sourceTree = "<group>"; };
		94D92FC02C15955000E83400 /* CoffeeOrderAppE2Tests.xctest */ = {isa = PBXFileReference; explicitFileType = wrapper.cfbundle; includeInIndex = 0; path = CoffeeOrderAppE2Tests.xctest; sourceTree = BUILT_PRODUCTS_DIR; };
		94D92FC22C15955100E83400 /* CoffeeOrderAppE2Tests.swift */ = {isa = PBXFileReference; lastKnownFileType = sourcecode.swift; path = CoffeeOrderAppE2Tests.swift; sourceTree = "<group>"; };
/* End PBXFileReference section */

/* Begin PBXFrameworksBuildPhase section */
		9461EE7A2C144C3F00669FBF /* Frameworks */ = {
			isa = PBXFrameworksBuildPhase;
			buildActionMask = 2147483647;
			files = (
			);
			runOnlyForDeploymentPostprocessing = 0;
		};
		94D92FBD2C15955000E83400 /* Frameworks */ = {
			isa = PBXFrameworksBuildPhase;
			buildActionMask = 2147483647;
			files = (
			);
			runOnlyForDeploymentPostprocessing = 0;
		};
/* End PBXFrameworksBuildPhase section */

/* Begin PBXGroup section */
		9461EE742C144C3F00669FBF = {
			isa = PBXGroup;
			children = (
				9461EE7F2C144C3F00669FBF /* CoffeeOrderApp */,
				94D92FC12C15955100E83400 /* CoffeeOrderAppE2Tests */,
				9461EE7E2C144C3F00669FBF /* Products */,
			);
			sourceTree = "<group>";
		};
		9461EE7E2C144C3F00669FBF /* Products */ = {
			isa = PBXGroup;
			children = (
				9461EE7D2C144C3F00669FBF /* CoffeeOrderApp.app */,
				94D92FC02C15955000E83400 /* CoffeeOrderAppE2Tests.xctest */,
			);
			name = Products;
			sourceTree = "<group>";
		};
		9461EE7F2C144C3F00669FBF /* CoffeeOrderApp */ = {
			isa = PBXGroup;
			children = (
				94D92FB92C158E4400E83400 /* Utils */,
				94D92FB62C14C33700E83400 /* Views */,
				94D92FB32C14C26400E83400 /* Extensions */,
				9461EE922C14517E00669FBF /* Models */,
				9461EE8E2C14503B00669FBF /* Services */,
				9461EE802C144C3F00669FBF /* CoffeeOrderAppApp.swift */,
				9461EE822C144C3F00669FBF /* ContentView.swift */,
				9461EE842C144C4000669FBF /* Assets.xcassets */,
				9461EE862C144C4000669FBF /* Preview Content */,
			);
			path = CoffeeOrderApp;
			sourceTree = "<group>";
		};
		9461EE862C144C4000669FBF /* Preview Content */ = {
			isa = PBXGroup;
			children = (
				9461EE872C144C4000669FBF /* Preview Assets.xcassets */,
			);
			path = "Preview Content";
			sourceTree = "<group>";
		};
		9461EE8E2C14503B00669FBF /* Services */ = {
			isa = PBXGroup;
			children = (
				9461EE8F2C14505B00669FBF /* Webservice.swift */,
			);
			path = Services;
			sourceTree = "<group>";
		};
		9461EE922C14517E00669FBF /* Models */ = {
			isa = PBXGroup;
			children = (
				9461EE932C1451A200669FBF /* Order.swift */,
				94D92FB12C145F4000E83400 /* CoffeeModel.swift */,
			);
			path = Models;
			sourceTree = "<group>";
		};
		94D92FB32C14C26400E83400 /* Extensions */ = {
			isa = PBXGroup;
			children = (
				94D92FB42C14C28B00E83400 /* NumberFormatter+Extensions.swift */,
			);
			path = Extensions;
			sourceTree = "<group>";
		};
		94D92FB62C14C33700E83400 /* Views */ = {
			isa = PBXGroup;
			children = (
				94D92FB72C14C35600E83400 /* OrderCellView.swift */,
			);
			path = Views;
			sourceTree = "<group>";
		};
		94D92FB92C158E4400E83400 /* Utils */ = {
			isa = PBXGroup;
			children = (
				94D92FBA2C158E5F00E83400 /* AppEnvironment.swift */,
			);
			path = Utils;
			sourceTree = "<group>";
		};
		94D92FC12C15955100E83400 /* CoffeeOrderAppE2Tests */ = {
			isa = PBXGroup;
			children = (
				94D92FC22C15955100E83400 /* CoffeeOrderAppE2Tests.swift */,
			);
			path = CoffeeOrderAppE2Tests;
			sourceTree = "<group>";
		};
/* End PBXGroup section */

/* Begin PBXNativeTarget section */
		9461EE7C2C144C3F00669FBF /* CoffeeOrderApp */ = {
			isa = PBXNativeTarget;
			buildConfigurationList = 9461EE8B2C144C4000669FBF /* Build configuration list for PBXNativeTarget "CoffeeOrderApp" */;
			buildPhases = (
				9461EE792C144C3F00669FBF /* Sources */,
				9461EE7A2C144C3F00669FBF /* Frameworks */,
				9461EE7B2C144C3F00669FBF /* Resources */,
			);
			buildRules = (
			);
			dependencies = (
			);
			name = CoffeeOrderApp;
			productName = CoffeeOrderApp;
			productReference = 9461EE7D2C144C3F00669FBF /* CoffeeOrderApp.app */;
			productType = "com.apple.product-type.application";
		};
		94D92FBF2C15955000E83400 /* CoffeeOrderAppE2Tests */ = {
			isa = PBXNativeTarget;
			buildConfigurationList = 94D92FC82C15955100E83400 /* Build configuration list for PBXNativeTarget "CoffeeOrderAppE2Tests" */;
			buildPhases = (
				94D92FBC2C15955000E83400 /* Sources */,
				94D92FBD2C15955000E83400 /* Frameworks */,
				94D92FBE2C15955000E83400 /* Resources */,
			);
			buildRules = (
			);
			dependencies = (
				94D92FC72C15955100E83400 /* PBXTargetDependency */,
			);
			name = CoffeeOrderAppE2Tests;
			productName = CoffeeOrderAppE2Tests;
			productReference = 94D92FC02C15955000E83400 /* CoffeeOrderAppE2Tests.xctest */;
			productType = "com.apple.product-type.bundle.ui-testing";
		};
/* End PBXNativeTarget section */

/* Begin PBXProject section */
		9461EE752C144C3F00669FBF /* Project object */ = {
			isa = PBXProject;
			attributes = {
				BuildIndependentTargetsInParallel = 1;
				LastSwiftUpdateCheck = 1430;
				LastUpgradeCheck = 1430;
				TargetAttributes = {
					9461EE7C2C144C3F00669FBF = {
						CreatedOnToolsVersion = 14.3.1;
					};
					94D92FBF2C15955000E83400 = {
						CreatedOnToolsVersion = 14.3.1;
						TestTargetID = 9461EE7C2C144C3F00669FBF;
					};
				};
			};
			buildConfigurationList = 9461EE782C144C3F00669FBF /* Build configuration list for PBXProject "CoffeeOrderApp" */;
			compatibilityVersion = "Xcode 14.0";
			developmentRegion = en;
			hasScannedForEncodings = 0;
			knownRegions = (
				en,
				Base,
			);
			mainGroup = 9461EE742C144C3F00669FBF;
			productRefGroup = 9461EE7E2C144C3F00669FBF /* Products */;
			projectDirPath = "";
			projectRoot = "";
			targets = (
				9461EE7C2C144C3F00669FBF /* CoffeeOrderApp */,
				94D92FBF2C15955000E83400 /* CoffeeOrderAppE2Tests */,
			);
		};
/* End PBXProject section */

/* Begin PBXResourcesBuildPhase section */
		9461EE7B2C144C3F00669FBF /* Resources */ = {
			isa = PBXResourcesBuildPhase;
			buildActionMask = 2147483647;
			files = (
				9461EE882C144C4000669FBF /* Preview Assets.xcassets in Resources */,
				9461EE852C144C4000669FBF /* Assets.xcassets in Resources */,
			);
			runOnlyForDeploymentPostprocessing = 0;
		};
		94D92FBE2C15955000E83400 /* Resources */ = {
			isa = PBXResourcesBuildPhase;
			buildActionMask = 2147483647;
			files = (
			);
			runOnlyForDeploymentPostprocessing = 0;
		};
/* End PBXResourcesBuildPhase section */

/* Begin PBXSourcesBuildPhase section */
		9461EE792C144C3F00669FBF /* Sources */ = {
			isa = PBXSourcesBuildPhase;
			buildActionMask = 2147483647;
			files = (
				9461EE832C144C3F00669FBF /* ContentView.swift in Sources */,
				94D92FB82C14C35600E83400 /* OrderCellView.swift in Sources */,
				94D92FB22C145F4000E83400 /* CoffeeModel.swift in Sources */,
				94D92FB52C14C28B00E83400 /* NumberFormatter+Extensions.swift in Sources */,
				9461EE812C144C3F00669FBF /* CoffeeOrderAppApp.swift in Sources */,
				94D92FBB2C158E5F00E83400 /* AppEnvironment.swift in Sources */,
				9461EE942C1451A200669FBF /* Order.swift in Sources */,
				9461EE902C14505B00669FBF /* Webservice.swift in Sources */,
			);
			runOnlyForDeploymentPostprocessing = 0;
		};
		94D92FBC2C15955000E83400 /* Sources */ = {
			isa = PBXSourcesBuildPhase;
			buildActionMask = 2147483647;
			files = (
				94D92FC32C15955100E83400 /* CoffeeOrderAppE2Tests.swift in Sources */,
			);
			runOnlyForDeploymentPostprocessing = 0;
		};
/* End PBXSourcesBuildPhase section */

/* Begin PBXTargetDependency section */
		94D92FC72C15955100E83400 /* PBXTargetDependency */ = {
			isa = PBXTargetDependency;
			target = 9461EE7C2C144C3F00669FBF /* CoffeeOrderApp */;
			targetProxy = 94D92FC62C15955100E83400 /* PBXContainerItemProxy */;
		};
/* End PBXTargetDependency section */

/* Begin XCBuildConfiguration section */
		9461EE892C144C4000669FBF /* Debug */ = {
			isa = XCBuildConfiguration;
			buildSettings = {
				ALWAYS_SEARCH_USER_PATHS = NO;
				CLANG_ANALYZER_NONNULL = YES;
				CLANG_ANALYZER_NUMBER_OBJECT_CONVERSION = YES_AGGRESSIVE;
				CLANG_CXX_LANGUAGE_STANDARD = "gnu++20";
				CLANG_ENABLE_MODULES = YES;
				CLANG_ENABLE_OBJC_ARC = YES;
				CLANG_ENABLE_OBJC_WEAK = YES;
				CLANG_WARN_BLOCK_CAPTURE_AUTORELEASING = YES;
				CLANG_WARN_BOOL_CONVERSION = YES;
				CLANG_WARN_COMMA = YES;
				CLANG_WARN_CONSTANT_CONVERSION = YES;
				CLANG_WARN_DEPRECATED_OBJC_IMPLEMENTATIONS = YES;
				CLANG_WARN_DIRECT_OBJC_ISA_USAGE = YES_ERROR;
				CLANG_WARN_DOCUMENTATION_COMMENTS = YES;
				CLANG_WARN_EMPTY_BODY = YES;
				CLANG_WARN_ENUM_CONVERSION = YES;
				CLANG_WARN_INFINITE_RECURSION = YES;
				CLANG_WARN_INT_CONVERSION = YES;
				CLANG_WARN_NON_LITERAL_NULL_CONVERSION = YES;
				CLANG_WARN_OBJC_IMPLICIT_RETAIN_SELF = YES;
				CLANG_WARN_OBJC_LITERAL_CONVERSION = YES;
				CLANG_WARN_OBJC_ROOT_CLASS = YES_ERROR;
				CLANG_WARN_QUOTED_INCLUDE_IN_FRAMEWORK_HEADER = YES;
				CLANG_WARN_RANGE_LOOP_ANALYSIS = YES;
				CLANG_WARN_STRICT_PROTOTYPES = YES;
				CLANG_WARN_SUSPICIOUS_MOVE = YES;
				CLANG_WARN_UNGUARDED_AVAILABILITY = YES_AGGRESSIVE;
				CLANG_WARN_UNREACHABLE_CODE = YES;
				CLANG_WARN__DUPLICATE_METHOD_MATCH = YES;
				COPY_PHASE_STRIP = NO;
				DEBUG_INFORMATION_FORMAT = dwarf;
				ENABLE_STRICT_OBJC_MSGSEND = YES;
				ENABLE_TESTABILITY = YES;
				GCC_C_LANGUAGE_STANDARD = gnu11;
				GCC_DYNAMIC_NO_PIC = NO;
				GCC_NO_COMMON_BLOCKS = YES;
				GCC_OPTIMIZATION_LEVEL = 0;
				GCC_PREPROCESSOR_DEFINITIONS = (
					"DEBUG=1",
					"$(inherited)",
				);
				GCC_WARN_64_TO_32_BIT_CONVERSION = YES;
				GCC_WARN_ABOUT_RETURN_TYPE = YES_ERROR;
				GCC_WARN_UNDECLARED_SELECTOR = YES;
				GCC_WARN_UNINITIALIZED_AUTOS = YES_AGGRESSIVE;
				GCC_WARN_UNUSED_FUNCTION = YES;
				GCC_WARN_UNUSED_VARIABLE = YES;
				IPHONEOS_DEPLOYMENT_TARGET = 16.4;
				MTL_ENABLE_DEBUG_INFO = INCLUDE_SOURCE;
				MTL_FAST_MATH = YES;
				ONLY_ACTIVE_ARCH = YES;
				SDKROOT = iphoneos;
				SWIFT_ACTIVE_COMPILATION_CONDITIONS = DEBUG;
				SWIFT_OPTIMIZATION_LEVEL = "-Onone";
			};
			name = Debug;
		};
		9461EE8A2C144C4000669FBF /* Release */ = {
			isa = XCBuildConfiguration;
			buildSettings = {
				ALWAYS_SEARCH_USER_PATHS = NO;
				CLANG_ANALYZER_NONNULL = YES;
				CLANG_ANALYZER_NUMBER_OBJECT_CONVERSION = YES_AGGRESSIVE;
				CLANG_CXX_LANGUAGE_STANDARD = "gnu++20";
				CLANG_ENABLE_MODULES = YES;
				CLANG_ENABLE_OBJC_ARC = YES;
				CLANG_ENABLE_OBJC_WEAK = YES;
				CLANG_WARN_BLOCK_CAPTURE_AUTORELEASING = YES;
				CLANG_WARN_BOOL_CONVERSION = YES;
				CLANG_WARN_COMMA = YES;
				CLANG_WARN_CONSTANT_CONVERSION = YES;
				CLANG_WARN_DEPRECATED_OBJC_IMPLEMENTATIONS = YES;
				CLANG_WARN_DIRECT_OBJC_ISA_USAGE = YES_ERROR;
				CLANG_WARN_DOCUMENTATION_COMMENTS = YES;
				CLANG_WARN_EMPTY_BODY = YES;
				CLANG_WARN_ENUM_CONVERSION = YES;
				CLANG_WARN_INFINITE_RECURSION = YES;
				CLANG_WARN_INT_CONVERSION = YES;
				CLANG_WARN_NON_LITERAL_NULL_CONVERSION = YES;
				CLANG_WARN_OBJC_IMPLICIT_RETAIN_SELF = YES;
				CLANG_WARN_OBJC_LITERAL_CONVERSION = YES;
				CLANG_WARN_OBJC_ROOT_CLASS = YES_ERROR;
				CLANG_WARN_QUOTED_INCLUDE_IN_FRAMEWORK_HEADER = YES;
				CLANG_WARN_RANGE_LOOP_ANALYSIS = YES;
				CLANG_WARN_STRICT_PROTOTYPES = YES;
				CLANG_WARN_SUSPICIOUS_MOVE = YES;
				CLANG_WARN_UNGUARDED_AVAILABILITY = YES_AGGRESSIVE;
				CLANG_WARN_UNREACHABLE_CODE = YES;
				CLANG_WARN__DUPLICATE_METHOD_MATCH = YES;
				COPY_PHASE_STRIP = NO;
				DEBUG_INFORMATION_FORMAT = "dwarf-with-dsym";
				ENABLE_NS_ASSERTIONS = NO;
				ENABLE_STRICT_OBJC_MSGSEND = YES;
				GCC_C_LANGUAGE_STANDARD = gnu11;
				GCC_NO_COMMON_BLOCKS = YES;
				GCC_WARN_64_TO_32_BIT_CONVERSION = YES;
				GCC_WARN_ABOUT_RETURN_TYPE = YES_ERROR;
				GCC_WARN_UNDECLARED_SELECTOR = YES;
				GCC_WARN_UNINITIALIZED_AUTOS = YES_AGGRESSIVE;
				GCC_WARN_UNUSED_FUNCTION = YES;
				GCC_WARN_UNUSED_VARIABLE = YES;
				IPHONEOS_DEPLOYMENT_TARGET = 16.4;
				MTL_ENABLE_DEBUG_INFO = NO;
				MTL_FAST_MATH = YES;
				SDKROOT = iphoneos;
				SWIFT_COMPILATION_MODE = wholemodule;
				SWIFT_OPTIMIZATION_LEVEL = "-O";
				VALIDATE_PRODUCT = YES;
			};
			name = Release;
		};
		9461EE8C2C144C4000669FBF /* Debug */ = {
			isa = XCBuildConfiguration;
			buildSettings = {
				ASSETCATALOG_COMPILER_APPICON_NAME = AppIcon;
				ASSETCATALOG_COMPILER_GLOBAL_ACCENT_COLOR_NAME = AccentColor;
				CODE_SIGN_STYLE = Automatic;
				CURRENT_PROJECT_VERSION = 1;
				DEVELOPMENT_ASSET_PATHS = "\"CoffeeOrderApp/Preview Content\"";
				ENABLE_PREVIEWS = YES;
				GENERATE_INFOPLIST_FILE = YES;
				INFOPLIST_KEY_UIApplicationSceneManifest_Generation = YES;
				INFOPLIST_KEY_UIApplicationSupportsIndirectInputEvents = YES;
				INFOPLIST_KEY_UILaunchScreen_Generation = YES;
				INFOPLIST_KEY_UISupportedInterfaceOrientations_iPad = "UIInterfaceOrientationPortrait UIInterfaceOrientationPortraitUpsideDown UIInterfaceOrientationLandscapeLeft UIInterfaceOrientationLandscapeRight";
				INFOPLIST_KEY_UISupportedInterfaceOrientations_iPhone = "UIInterfaceOrientationPortrait UIInterfaceOrientationLandscapeLeft UIInterfaceOrientationLandscapeRight";
				LD_RUNPATH_SEARCH_PATHS = (
					"$(inherited)",
					"@executable_path/Frameworks",
				);
				MARKETING_VERSION = 1.0;
				PRODUCT_BUNDLE_IDENTIFIER = j.CoffeeOrderApp;
				PRODUCT_NAME = "$(TARGET_NAME)";
				SWIFT_EMIT_LOC_STRINGS = YES;
				SWIFT_VERSION = 5.0;
				TARGETED_DEVICE_FAMILY = "1,2";
			};
			name = Debug;
		};
		9461EE8D2C144C4000669FBF /* Release */ = {
			isa = XCBuildConfiguration;
			buildSettings = {
				ASSETCATALOG_COMPILER_APPICON_NAME = AppIcon;
				ASSETCATALOG_COMPILER_GLOBAL_ACCENT_COLOR_NAME = AccentColor;
				CODE_SIGN_STYLE = Automatic;
				CURRENT_PROJECT_VERSION = 1;
				DEVELOPMENT_ASSET_PATHS = "\"CoffeeOrderApp/Preview Content\"";
				ENABLE_PREVIEWS = YES;
				GENERATE_INFOPLIST_FILE = YES;
				INFOPLIST_KEY_UIApplicationSceneManifest_Generation = YES;
				INFOPLIST_KEY_UIApplicationSupportsIndirectInputEvents = YES;
				INFOPLIST_KEY_UILaunchScreen_Generation = YES;
				INFOPLIST_KEY_UISupportedInterfaceOrientations_iPad = "UIInterfaceOrientationPortrait UIInterfaceOrientationPortraitUpsideDown UIInterfaceOrientationLandscapeLeft UIInterfaceOrientationLandscapeRight";
				INFOPLIST_KEY_UISupportedInterfaceOrientations_iPhone = "UIInterfaceOrientationPortrait UIInterfaceOrientationLandscapeLeft UIInterfaceOrientationLandscapeRight";
				LD_RUNPATH_SEARCH_PATHS = (
					"$(inherited)",
					"@executable_path/Frameworks",
				);
				MARKETING_VERSION = 1.0;
				PRODUCT_BUNDLE_IDENTIFIER = j.CoffeeOrderApp;
				PRODUCT_NAME = "$(TARGET_NAME)";
				SWIFT_EMIT_LOC_STRINGS = YES;
				SWIFT_VERSION = 5.0;
				TARGETED_DEVICE_FAMILY = "1,2";
			};
			name = Release;
		};
		94D92FC92C15955100E83400 /* Debug */ = {
			isa = XCBuildConfiguration;
			buildSettings = {
				CODE_SIGN_STYLE = Automatic;
				CURRENT_PROJECT_VERSION = 1;
				GENERATE_INFOPLIST_FILE = YES;
				MARKETING_VERSION = 1.0;
				PRODUCT_BUNDLE_IDENTIFIER = j.CoffeeOrderAppE2Tests;
				PRODUCT_NAME = "$(TARGET_NAME)";
				SWIFT_EMIT_LOC_STRINGS = NO;
				SWIFT_VERSION = 5.0;
				TARGETED_DEVICE_FAMILY = "1,2";
				TEST_TARGET_NAME = CoffeeOrderApp;
			};
			name = Debug;
		};
		94D92FCA2C15955100E83400 /* Release */ = {
			isa = XCBuildConfiguration;
			buildSettings = {
				CODE_SIGN_STYLE = Automatic;
				CURRENT_PROJECT_VERSION = 1;
				GENERATE_INFOPLIST_FILE = YES;
				MARKETING_VERSION = 1.0;
				PRODUCT_BUNDLE_IDENTIFIER = j.CoffeeOrderAppE2Tests;
				PRODUCT_NAME = "$(TARGET_NAME)";
				SWIFT_EMIT_LOC_STRINGS = NO;
				SWIFT_VERSION = 5.0;
				TARGETED_DEVICE_FAMILY = "1,2";
				TEST_TARGET_NAME = CoffeeOrderApp;
			};
			name = Release;
		};
/* End XCBuildConfiguration section */

/* Begin XCConfigurationList section */
		9461EE782C144C3F00669FBF /* Build configuration list for PBXProject "CoffeeOrderApp" */ = {
			isa = XCConfigurationList;
			buildConfigurations = (
				9461EE892C144C4000669FBF /* Debug */,
				9461EE8A2C144C4000669FBF /* Release */,
			);
			defaultConfigurationIsVisible = 0;
			defaultConfigurationName = Release;
		};
		9461EE8B2C144C4000669FBF /* Build configuration list for PBXNativeTarget "CoffeeOrderApp" */ = {
			isa = XCConfigurationList;
			buildConfigurations = (
				9461EE8C2C144C4000669FBF /* Debug */,
				9461EE8D2C144C4000669FBF /* Release */,
			);
			defaultConfigurationIsVisible = 0;
			defaultConfigurationName = Release;
		};
		94D92FC82C15955100E83400 /* Build configuration list for PBXNativeTarget "CoffeeOrderAppE2Tests" */ = {
			isa = XCConfigurationList;
			buildConfigurations = (
				94D92FC92C15955100E83400 /* Debug */,
				94D92FCA2C15955100E83400 /* Release */,
			);
			defaultConfigurationIsVisible = 0;
			defaultConfigurationName = Release;
		};
/* End XCConfigurationList section */
	};
	rootObject = 9461EE752C144C3F00669FBF /* Project object */;
}
